
Microsoft Visual Studio Solution File, Format Version 11.00
# Visual Studio 2010
Project("{FAE04EC0-301F-11D3-BF4B-00C04F79EFBC}") = "csINITest", "csINITest\csINITest.csproj", "{C41E51CC-CDF9-497C-A37F-A00D42A02891}"
EndProject
Global
	GlobalSection(SolutionConfigurationPlatforms) = preSolution
		Debug|x86 = Debug|x86
		Release|x86 = Release|x86
	EndGlobalSection
	GlobalSection(ProjectConfigurationPlatforms) = postSolution
		{C41E51CC-CDF9-497C-A37F-A00D42A02891}.Debug|x86.ActiveCfg = Debug|x86
		{C41E51CC-CDF9-497C-A37F-A00D42A02891}.Debug|x86.Build.0 = Debug|x86
		{C41E51CC-CDF9-497C-A37F-A00D42A02891}.Release|x86.ActiveCfg = Release|x86
		{C41E51CC-CDF9-497C-A37F-A00D42A02891}.Release|x86.Build.0 = Release|x86
	EndGlobalSection
	GlobalSection(SolutionProperties) = preSolution
		HideSolutionNode = FALSE
	EndGlobalSection
EndGlobal
